
Microsoft Visual Studio Solution File, Format Version 12.00
# Visual Studio Version 17
VisualStudioVersion = 17.6.33829.357
MinimumVisualStudioVersion = 10.0.40219.1
Project("{FAE04EC0-301F-11D3-BF4B-00C04F79EFBC}") = "MatchDetailsManagementSystem", "MatchDetailsManagementSystem.csproj", "{358AAC03-0C84-4C06-BE24-DF33C756438C}"
EndProject
Global
	GlobalSection(SolutionConfigurationPlatforms) = preSolution
		Debug|Any CPU = Debug|Any CPU
		Release|Any CPU = Release|Any CPU
	EndGlobalSection
	GlobalSection(ProjectConfigurationPlatforms) = postSolution
		{358AAC03-0C84-4C06-BE24-DF33C756438C}.Debug|Any CPU.ActiveCfg = Debug|Any CPU
		{358AAC03-0C84-4C06-BE24-DF33C756438C}.Debug|Any CPU.Build.0 = Debug|Any CPU
		{358AAC03-0C84-4C06-BE24-DF33C756438C}.Release|Any CPU.ActiveCfg = Release|Any CPU
		{358AAC03-0C84-4C06-BE24-DF33C756438C}.Release|Any CPU.Build.0 = Release|Any CPU
	EndGlobalSection
	GlobalSection(SolutionProperties) = preSolution
		HideSolutionNode = FALSE
	EndGlobalSection
	GlobalSection(ExtensibilityGlobals) = postSolution
		SolutionGuid = {57772038-C950-42AF-A675-ED0AB5EEF3C2}
	EndGlobalSection
EndGlobal
